PODS:
  - Flutter (1.0.0)
  - push_lzflutter (0.0.1):
    - Flutter

DEPENDENCIES:
  - Flutter (from `Flutter`)
  - push_lzflutter (from `.symlinks/plugins/push_lzflutter/ios`)

EXTERNAL SOURCES:
  Flutter:
    :path: Flutter
  push_lzflutter:
    :path: ".symlinks/plugins/push_lzflutter/ios"

SPEC CHECKSUMS:
  Flutter: f04841e97a9d0b0a8025694d0796dd46242b2854
  push_lzflutter: 8d276223cbb1bb34a1291b19c305a9e1f90bc3c5

PODFILE CHECKSUM: db1736d33231c393f2a17aeb03acb8a2eda8bbdc

COCOAPODS: 1.12.0
